
Microsoft Visual Studio Solution File, Format Version 12.00
# Visual Studio Version 17
VisualStudioVersion = 17.4.33213.308
MinimumVisualStudioVersion = 10.0.40219.1
Project("{FAE04EC0-301F-11D3-BF4B-00C04F79EFBC}") = "WireMockAdminUI", "WireMockAdminUI\WireMockAdminUI.csproj", "{1826E16E-D1C1-4951-9CC3-0EEDA91D046C}"
EndProject
Global
	GlobalSection(SolutionConfigurationPlatforms) = preSolution
		Debug|Any CPU = Debug|Any CPU
		Release|Any CPU = Release|Any CPU
	EndGlobalSection
	GlobalSection(ProjectConfigurationPlatforms) = postSolution
		{1826E16E-D1C1-4951-9CC3-0EEDA91D046C}.Debug|Any CPU.ActiveCfg = Debug|Any CPU
		{1826E16E-D1C1-4951-9CC3-0EEDA91D046C}.Debug|Any CPU.Build.0 = Debug|Any CPU
		{1826E16E-D1C1-4951-9CC3-0EEDA91D046C}.Release|Any CPU.ActiveCfg = Release|Any CPU
		{1826E16E-D1C1-4951-9CC3-0EEDA91D046C}.Release|Any CPU.Build.0 = Release|Any CPU
	EndGlobalSection
	GlobalSection(SolutionProperties) = preSolution
		HideSolutionNode = FALSE
	EndGlobalSection
	GlobalSection(ExtensibilityGlobals) = postSolution
		SolutionGuid = {5D720DDE-2F90-4224-A406-8E35C3A452A3}
	EndGlobalSection
EndGlobal
